
Microsoft Visual Studio Solution File, Format Version 12.00
# Visual Studio Version 17
VisualStudioVersion = 17.7.34031.279
MinimumVisualStudioVersion = 10.0.40219.1
Project("{FAE04EC0-301F-11D3-BF4B-00C04F79EFBC}") = "UniSystem2API", "UniSystem2API\UniSystem2API.csproj", "{5A6E31D6-DBA0-4AC6-9020-431C5A6E96FC}"
EndProject
Global
	GlobalSection(SolutionConfigurationPlatforms) = preSolution
		Debug|Any CPU = Debug|Any CPU
		Release|Any CPU = Release|Any CPU
	EndGlobalSection
	GlobalSection(ProjectConfigurationPlatforms) = postSolution
		{5A6E31D6-DBA0-4AC6-9020-431C5A6E96FC}.Debug|Any CPU.ActiveCfg = Debug|Any CPU
		{5A6E31D6-DBA0-4AC6-9020-431C5A6E96FC}.Debug|Any CPU.Build.0 = Debug|Any CPU
		{5A6E31D6-DBA0-4AC6-9020-431C5A6E96FC}.Release|Any CPU.ActiveCfg = Release|Any CPU
		{5A6E31D6-DBA0-4AC6-9020-431C5A6E96FC}.Release|Any CPU.Build.0 = Release|Any CPU
	EndGlobalSection
	GlobalSection(SolutionProperties) = preSolution
		HideSolutionNode = FALSE
	EndGlobalSection
	GlobalSection(ExtensibilityGlobals) = postSolution
		SolutionGuid = {E3C5FFBF-65B8-48CB-80FC-C4C733826FF1}
	EndGlobalSection
EndGlobal
